
Microsoft Visual Studio Solution File, Format Version 12.00
# Visual Studio Version 17
VisualStudioVersion = 17.4.33213.308
MinimumVisualStudioVersion = 10.0.40219.1
Project("{888888A0-9F3D-457C-B088-3A5042F75D52}") = "Nested List Recursion", "Nested List Recursion\Nested List Recursion.pyproj", "{F69AB842-4635-4AF2-9408-20011697C1CB}"
EndProject
Global
	GlobalSection(SolutionConfigurationPlatforms) = preSolution
		Debug|Any CPU = Debug|Any CPU
		Release|Any CPU = Release|Any CPU
	EndGlobalSection
	GlobalSection(ProjectConfigurationPlatforms) = postSolution
		{F69AB842-4635-4AF2-9408-20011697C1CB}.Debug|Any CPU.ActiveCfg = Debug|Any CPU
		{F69AB842-4635-4AF2-9408-20011697C1CB}.Release|Any CPU.ActiveCfg = Release|Any CPU
	EndGlobalSection
	GlobalSection(SolutionProperties) = preSolution
		HideSolutionNode = FALSE
	EndGlobalSection
	GlobalSection(ExtensibilityGlobals) = postSolution
		SolutionGuid = {C4DF34AA-554B-40B6-A652-47C8DF0B2508}
	EndGlobalSection
EndGlobal
